
Microsoft Visual Studio Solution File, Format Version 12.00
# Visual Studio Version 16
VisualStudioVersion = 16.0.29306.81
MinimumVisualStudioVersion = 10.0.40219.1
Project("{FAE04EC0-301F-11D3-BF4B-00C04F79EFBC}") = "CalculadoraPOO", "CalculadoraPOO\CalculadoraPOO.csproj", "{127DAE0F-47B1-46AC-AB01-9B71DBFC90CC}"
EndProject
Global
	GlobalSection(SolutionConfigurationPlatforms) = preSolution
		Debug|Any CPU = Debug|Any CPU
		Release|Any CPU = Release|Any CPU
	EndGlobalSection
	GlobalSection(ProjectConfigurationPlatforms) = postSolution
		{127DAE0F-47B1-46AC-AB01-9B71DBFC90CC}.Debug|Any CPU.ActiveCfg = Debug|Any CPU
		{127DAE0F-47B1-46AC-AB01-9B71DBFC90CC}.Debug|Any CPU.Build.0 = Debug|Any CPU
		{127DAE0F-47B1-46AC-AB01-9B71DBFC90CC}.Release|Any CPU.ActiveCfg = Release|Any CPU
		{127DAE0F-47B1-46AC-AB01-9B71DBFC90CC}.Release|Any CPU.Build.0 = Release|Any CPU
	EndGlobalSection
	GlobalSection(SolutionProperties) = preSolution
		HideSolutionNode = FALSE
	EndGlobalSection
	GlobalSection(ExtensibilityGlobals) = postSolution
		SolutionGuid = {212D033B-CB9C-4291-B1CD-28E23EC099EE}
	EndGlobalSection
EndGlobal
